
Microsoft Visual Studio Solution File, Format Version 12.00
# Visual Studio Version 16
VisualStudioVersion = 16.0.29926.136
MinimumVisualStudioVersion = 10.0.40219.1
Project("{9092AA53-FB77-4645-B42D-1CCCA6BD08BD}") = "Shakely-Consulting.github.io", "Shakely-Consulting.github.io.njsproj", "{52B83973-DBE0-414A-837E-01C8DECFF60E}"
EndProject
Global
	GlobalSection(SolutionConfigurationPlatforms) = preSolution
		Debug|Any CPU = Debug|Any CPU
		Release|Any CPU = Release|Any CPU
	EndGlobalSection
	GlobalSection(ProjectConfigurationPlatforms) = postSolution
		{52B83973-DBE0-414A-837E-01C8DECFF60E}.Debug|Any CPU.ActiveCfg = Debug|Any CPU
		{52B83973-DBE0-414A-837E-01C8DECFF60E}.Debug|Any CPU.Build.0 = Debug|Any CPU
		{52B83973-DBE0-414A-837E-01C8DECFF60E}.Release|Any CPU.ActiveCfg = Release|Any CPU
		{52B83973-DBE0-414A-837E-01C8DECFF60E}.Release|Any CPU.Build.0 = Release|Any CPU
	EndGlobalSection
	GlobalSection(SolutionProperties) = preSolution
		HideSolutionNode = FALSE
	EndGlobalSection
	GlobalSection(ExtensibilityGlobals) = postSolution
		SolutionGuid = {42822365-B3E7-4D0F-AD90-8382B1FC566C}
	EndGlobalSection
EndGlobal
